
Microsoft Visual Studio Solution File, Format Version 12.00
# Visual Studio 15
VisualStudioVersion = 15.0.27130.2036
MinimumVisualStudioVersion = 10.0.40219.1
Project("{FAE04EC0-301F-11D3-BF4B-00C04F79EFBC}") = "SMSSender.Common", "SMSSender.Common\SMSSender.Common.csproj", "{05741B73-33E3-46FE-A2FA-585680F5460F}"
EndProject
Project("{FAE04EC0-301F-11D3-BF4B-00C04F79EFBC}") = "SMSSender.Domain", "SMSSender.Domain\SMSSender.Domain.csproj", "{F979152F-FA0E-4E12-A7D4-08846D9EF8A5}"
EndProject
Project("{FAE04EC0-301F-11D3-BF4B-00C04F79EFBC}") = "SMSSender.Persistence", "SMSSender.Persistence\SMSSender.Persistence.csproj", "{62118C0B-94D0-4B72-AD7C-140053E714BD}"
EndProject
Project("{FAE04EC0-301F-11D3-BF4B-00C04F79EFBC}") = "SMSSender.Api", "SMSSender.Api\SMSSender.Api.csproj", "{DAD0C5D7-E55D-4419-A218-F24FEDE82555}"
EndProject
Global
	GlobalSection(SolutionConfigurationPlatforms) = preSolution
		Debug|Any CPU = Debug|Any CPU
		Release|Any CPU = Release|Any CPU
	EndGlobalSection
	GlobalSection(ProjectConfigurationPlatforms) = postSolution
		{05741B73-33E3-46FE-A2FA-585680F5460F}.Debug|Any CPU.ActiveCfg = Debug|Any CPU
		{05741B73-33E3-46FE-A2FA-585680F5460F}.Debug|Any CPU.Build.0 = Debug|Any CPU
		{05741B73-33E3-46FE-A2FA-585680F5460F}.Release|Any CPU.ActiveCfg = Release|Any CPU
		{05741B73-33E3-46FE-A2FA-585680F5460F}.Release|Any CPU.Build.0 = Release|Any CPU
		{F979152F-FA0E-4E12-A7D4-08846D9EF8A5}.Debug|Any CPU.ActiveCfg = Debug|Any CPU
		{F979152F-FA0E-4E12-A7D4-08846D9EF8A5}.Debug|Any CPU.Build.0 = Debug|Any CPU
		{F979152F-FA0E-4E12-A7D4-08846D9EF8A5}.Release|Any CPU.ActiveCfg = Release|Any CPU
		{F979152F-FA0E-4E12-A7D4-08846D9EF8A5}.Release|Any CPU.Build.0 = Release|Any CPU
		{62118C0B-94D0-4B72-AD7C-140053E714BD}.Debug|Any CPU.ActiveCfg = Debug|Any CPU
		{62118C0B-94D0-4B72-AD7C-140053E714BD}.Debug|Any CPU.Build.0 = Debug|Any CPU
		{62118C0B-94D0-4B72-AD7C-140053E714BD}.Release|Any CPU.ActiveCfg = Release|Any CPU
		{62118C0B-94D0-4B72-AD7C-140053E714BD}.Release|Any CPU.Build.0 = Release|Any CPU
		{DAD0C5D7-E55D-4419-A218-F24FEDE82555}.Debug|Any CPU.ActiveCfg = Debug|Any CPU
		{DAD0C5D7-E55D-4419-A218-F24FEDE82555}.Debug|Any CPU.Build.0 = Debug|Any CPU
		{DAD0C5D7-E55D-4419-A218-F24FEDE82555}.Release|Any CPU.ActiveCfg = Release|Any CPU
		{DAD0C5D7-E55D-4419-A218-F24FEDE82555}.Release|Any CPU.Build.0 = Release|Any CPU
	EndGlobalSection
	GlobalSection(SolutionProperties) = preSolution
		HideSolutionNode = FALSE
	EndGlobalSection
	GlobalSection(ExtensibilityGlobals) = postSolution
		SolutionGuid = {E2F221FF-883A-476A-B944-DDA64A3679A0}
	EndGlobalSection
EndGlobal
